
Microsoft Visual Studio Solution File, Format Version 12.00
# Visual Studio Version 16
VisualStudioVersion = 16.0.29424.173
MinimumVisualStudioVersion = 10.0.40219.1
Project("{FAE04EC0-301F-11D3-BF4B-00C04F79EFBC}") = "CodeFirstBlog", "CodeFirstBlog\CodeFirstBlog.csproj", "{97E1122B-A890-4AA5-B784-93D12C31668C}"
EndProject
Global
	GlobalSection(SolutionConfigurationPlatforms) = preSolution
		Debug|Any CPU = Debug|Any CPU
		Release|Any CPU = Release|Any CPU
	EndGlobalSection
	GlobalSection(ProjectConfigurationPlatforms) = postSolution
		{97E1122B-A890-4AA5-B784-93D12C31668C}.Debug|Any CPU.ActiveCfg = Debug|Any CPU
		{97E1122B-A890-4AA5-B784-93D12C31668C}.Debug|Any CPU.Build.0 = Debug|Any CPU
		{97E1122B-A890-4AA5-B784-93D12C31668C}.Release|Any CPU.ActiveCfg = Release|Any CPU
		{97E1122B-A890-4AA5-B784-93D12C31668C}.Release|Any CPU.Build.0 = Release|Any CPU
	EndGlobalSection
	GlobalSection(SolutionProperties) = preSolution
		HideSolutionNode = FALSE
	EndGlobalSection
	GlobalSection(ExtensibilityGlobals) = postSolution
		SolutionGuid = {F63C94C5-0FE2-402D-8F49-2431AF693352}
	EndGlobalSection
EndGlobal
